{
  "version": 4,
  "terraform_version": "1.9.2",
  "serial": 13,
  "lineage": "ab0e36f2-6500-4fab-7683-1c22b13326b4",
  "outputs": {},
  "resources": [
    {
      "mode": "managed",
      "type": "azurerm_resource_group",
      "name": "resource_group",
      "provider": "provider[\"registry.terraform.io/hashicorp/azurerm\"]",
      "instances": [
        {
          "schema_version": 0,
          "attributes": {
            "id": "/subscriptions/7108cba5-1292-4763-b201-55fb1985d205/resourceGroups/rg-terraform-demo-var",
            "location": "eastus",
            "managed_by": "",
            "name": "rg-terraform-demo-var",
            "tags": {},
            "timeouts": null
          },
          "sensitive_attributes": [],
          "private": "eyJlMmJmYjczMC1lY2FhLTExZTYtOGY4OC0zNDM2M2JjN2M0YzAiOnsiY3JlYXRlIjo1NDAwMDAwMDAwMDAwLCJkZWxldGUiOjU0MDAwMDAwMDAwMDAsInJlYWQiOjMwMDAwMDAwMDAwMCwidXBkYXRlIjo1NDAwMDAwMDAwMDAwfX0="
        }
      ]
    },
    {
      "mode": "managed",
      "type": "azurerm_virtual_network",
      "name": "vnet1",
      "provider": "provider[\"registry.terraform.io/hashicorp/azurerm\"]",
      "instances": [
        {
          "schema_version": 0,
          "attributes": {
            "address_space": [
              "10.20.0.0/16"
            ],
            "bgp_community": "",
            "ddos_protection_plan": [],
            "dns_servers": [
              "10.20.0.4",
              "10.20.0.5"
            ],
            "edge_zone": "",
            "encryption": [],
            "flow_timeout_in_minutes": 0,
            "guid": "4041e0fd-b0c6-417e-9bc6-b020bdab474c",
            "id": "/subscriptions/7108cba5-1292-4763-b201-55fb1985d205/resourceGroups/rg-terraform-demo-var/providers/Microsoft.Network/virtualNetworks/vnet-terraform-demo-var",
            "location": "eastus",
            "name": "vnet-terraform-demo-var",
            "resource_group_name": "rg-terraform-demo-var",
            "subnet": [
              {
                "address_prefix": "10.20.0.64/27",
                "id": "/subscriptions/7108cba5-1292-4763-b201-55fb1985d205/resourceGroups/rg-terraform-demo-var/providers/Microsoft.Network/virtualNetworks/vnet-terraform-demo-var/subnets/GatewaySubnet",
                "name": "GatewaySubnet",
                "security_group": ""
              },
              {
                "address_prefix": "10.20.23.0/28",
                "id": "/subscriptions/7108cba5-1292-4763-b201-55fb1985d205/resourceGroups/rg-terraform-demo-var/providers/Microsoft.Network/virtualNetworks/vnet-terraform-demo-var/subnets/terrasubnet",
                "name": "terrasubnet",
                "security_group": ""
              }
            ],
            "tags": null,
            "timeouts": null
          },
          "sensitive_attributes": [],
          "private": "eyJlMmJmYjczMC1lY2FhLTExZTYtOGY4OC0zNDM2M2JjN2M0YzAiOnsiY3JlYXRlIjoxODAwMDAwMDAwMDAwLCJkZWxldGUiOjE4MDAwMDAwMDAwMDAsInJlYWQiOjMwMDAwMDAwMDAwMCwidXBkYXRlIjoxODAwMDAwMDAwMDAwfX0=",
          "dependencies": [
            "azurerm_resource_group.resource_group"
          ]
        }
      ]
    }
  ],
  "check_results": null
}
